
Microsoft Visual Studio Solution File, Format Version 12.00
# Visual Studio Version 17
VisualStudioVersion = 17.0.31903.59
MinimumVisualStudioVersion = 10.0.40219.1
Project("{9A19103F-16F7-4668-BE54-9A1E7A4F7556}") = "ResourceShared", "ResourceShared\ResourceShared.csproj", "{65CCF181-2F07-4972-9DDA-FD99F8ABEB60}"
EndProject
Project("{FAE04EC0-301F-11D3-BF4B-00C04F79EFBC}") = "ContestantBE", "ContestantBE\ContestantBE.csproj", "{70EE2BE9-B748-5DEE-172B-B4A17A21596C}"
EndProject
Project("{FAE04EC0-301F-11D3-BF4B-00C04F79EFBC}") = "DeploymentCenter", "DeploymentCenter\DeploymentCenter.csproj", "{4A17FD1C-D4DB-639E-BFBF-09ADB40C4189}"
EndProject
Project("{FAE04EC0-301F-11D3-BF4B-00C04F79EFBC}") = "UnitTest", "D:\CapStoneProject\ControlCenterAndChallengeHostingServer\UnitTest\UnitTest.csproj", "{A81371FC-2CE1-4D88-A01D-EF0959D4F9AA}"
EndProject
Project("{FAE04EC0-301F-11D3-BF4B-00C04F79EFBC}") = "DeploymentCenter.Tests", "DeploymentCenter.Tests\DeploymentCenter.Tests.csproj", "{B65AAAB4-D56C-4BB8-A39E-C34793F5F14A}"
EndProject
Global
	GlobalSection(SolutionConfigurationPlatforms) = preSolution
		Debug|Any CPU = Debug|Any CPU
		Release|Any CPU = Release|Any CPU
	EndGlobalSection
	GlobalSection(ProjectConfigurationPlatforms) = postSolution
		{65CCF181-2F07-4972-9DDA-FD99F8ABEB60}.Debug|Any CPU.ActiveCfg = Debug|Any CPU
		{65CCF181-2F07-4972-9DDA-FD99F8ABEB60}.Debug|Any CPU.Build.0 = Debug|Any CPU
		{65CCF181-2F07-4972-9DDA-FD99F8ABEB60}.Release|Any CPU.ActiveCfg = Release|Any CPU
		{65CCF181-2F07-4972-9DDA-FD99F8ABEB60}.Release|Any CPU.Build.0 = Release|Any CPU
		{70EE2BE9-B748-5DEE-172B-B4A17A21596C}.Debug|Any CPU.ActiveCfg = Debug|Any CPU
		{70EE2BE9-B748-5DEE-172B-B4A17A21596C}.Debug|Any CPU.Build.0 = Debug|Any CPU
		{70EE2BE9-B748-5DEE-172B-B4A17A21596C}.Release|Any CPU.ActiveCfg = Release|Any CPU
		{70EE2BE9-B748-5DEE-172B-B4A17A21596C}.Release|Any CPU.Build.0 = Release|Any CPU
		{4A17FD1C-D4DB-639E-BFBF-09ADB40C4189}.Debug|Any CPU.ActiveCfg = Debug|Any CPU
		{4A17FD1C-D4DB-639E-BFBF-09ADB40C4189}.Debug|Any CPU.Build.0 = Debug|Any CPU
		{4A17FD1C-D4DB-639E-BFBF-09ADB40C4189}.Release|Any CPU.ActiveCfg = Release|Any CPU
		{4A17FD1C-D4DB-639E-BFBF-09ADB40C4189}.Release|Any CPU.Build.0 = Release|Any CPU
		{A81371FC-2CE1-4D88-A01D-EF0959D4F9AA}.Debug|Any CPU.ActiveCfg = Debug|Any CPU
		{A81371FC-2CE1-4D88-A01D-EF0959D4F9AA}.Debug|Any CPU.Build.0 = Debug|Any CPU
		{A81371FC-2CE1-4D88-A01D-EF0959D4F9AA}.Release|Any CPU.ActiveCfg = Release|Any CPU
		{A81371FC-2CE1-4D88-A01D-EF0959D4F9AA}.Release|Any CPU.Build.0 = Release|Any CPU
		{B65AAAB4-D56C-4BB8-A39E-C34793F5F14A}.Debug|Any CPU.ActiveCfg = Debug|Any CPU
		{B65AAAB4-D56C-4BB8-A39E-C34793F5F14A}.Debug|Any CPU.Build.0 = Debug|Any CPU
		{B65AAAB4-D56C-4BB8-A39E-C34793F5F14A}.Release|Any CPU.ActiveCfg = Release|Any CPU
		{B65AAAB4-D56C-4BB8-A39E-C34793F5F14A}.Release|Any CPU.Build.0 = Release|Any CPU
	EndGlobalSection
	GlobalSection(SolutionProperties) = preSolution
		HideSolutionNode = FALSE
	EndGlobalSection
	GlobalSection(ExtensibilityGlobals) = postSolution
		SolutionGuid = {8AF033E0-630F-49D1-B25D-8BBABA03B56E}
	EndGlobalSection
EndGlobal
